{
  "name": "dsh-std-research",
  "version": "0.0.0",
  "lockfileVersion": 3,
  "requires": true,
  "packages": {
    "": {
      "name": "dsh-std-research",
      "version": "0.0.0",
      "dependencies": {
        "@dsh-std/adapter-dsh": "^0.1.1-rc.2",
        "@dsh-std/command": "^0.1.1-rc.1",
        "@dsh-std/composition": "^0.1.1-rc.1",
        "@dsh-std/connection": "^0.1.1-rc.3",
        "@dsh-std/core": "^0.1.1-rc.2",
        "@dsh-std/lifecycle": "^0.1.1-rc.2",
        "@dsh-std/manifest": "^0.1.1-rc.2",
        "@dsh-std/messages": "^0.1.1-rc.1",
        "@dsh-std/presentation": "^0.1.1-rc.1",
        "@dsh-std/sdk": "^0.1.1-rc.2",
        "@dsh-std/session": "^0.1.1-rc.2",
        "@dsh-std/skill": "^0.1.1-rc.1",
        "@dsh-std/storage": "^0.1.1-rc.1",
        "@dsh-std/tool": "^0.1.1-rc.1",
        "@dsh-std/ui": "^0.1.1-rc.1",
        "@dsh-std/ui-browser": "^0.1.1-rc.1"
      }
    },
    "node_modules/@deepseek-ai/cordis": {
      "version": "4.0.4",
      "resolved": "https://registry.npmjs.org/@deepseek-ai/cordis/-/cordis-4.0.4.tgz",
      "integrity": "sha512-obgyxqWAmFn3Re8kvsuUnyW+ihrz6eJCnJO4fh1cQzDtmPYz/zzVeUkH9R94I0OwSVOocK67Kgakm04j/oQXzg==",
      "license": "MIT",
      "peer": true,
      "dependencies": {
        "@deepseek-ai/cosmokit": "~1.8.5",
        "@standard-schema/spec": "^1.1.0"
      },
      "bin": {
        "cordis": "bin.js"
      },
      "peerDependencies": {
        "@deepseek-ai/cordis-plugin-include": "~1.0.9",
        "@deepseek-ai/cordis-plugin-loader": "~1.0.5"
      },
      "peerDependenciesMeta": {
        "@deepseek-ai/cordis-plugin-include": {
          "optional": true
        },
        "@deepseek-ai/cordis-plugin-loader": {
          "optional": true
        }
      }
    },
    "node_modules/@deepseek-ai/cordis-plugin-include": {
      "version": "1.0.9",
      "resolved": "https://registry.npmjs.org/@deepseek-ai/cordis-plugin-include/-/cordis-plugin-include-1.0.9.tgz",
      "integrity": "sha512-Xmekm7u5Kpeym6nABL4T1/Mg6aQYFZxsipB0WycmCctvX1DqAv8nCFwRmg2XMx/f7EbZgNEbXQwJfabcMu8zxQ==",
      "license": "MIT",
      "peer": true,
      "dependencies": {
        "@deepseek-ai/cosmokit": "~1.8.5",
        "js-yaml": "^4.1.0"
      },
      "peerDependencies": {
        "@deepseek-ai/cordis": "~4.0.4",
        "@deepseek-ai/cordis-plugin-loader": "~1.0.5"
      }
    },
    "node_modules/@deepseek-ai/cordis-plugin-loader": {
      "version": "1.0.5",
      "resolved": "https://registry.npmjs.org/@deepseek-ai/cordis-plugin-loader/-/cordis-plugin-loader-1.0.5.tgz",
      "integrity": "sha512-200huL2ttWcjyeYllvPYn+qMR7I89qy8MhZasbHltPzB/KMrSfsyoCYKdCGc5KqPGj5iJugcmibQzjINMO9I+Q==",
      "license": "MIT",
      "peer": true,
      "dependencies": {
        "@deepseek-ai/cosmokit": "~1.8.5",
        "@deepseek-ai/schemastery": "~3.18.4"
      },
      "peerDependencies": {
        "@deepseek-ai/cordis": "~4.0.4",
        "node-addon-require-builtin": "^0.1.6"
      },
      "peerDependenciesMeta": {
        "node-addon-require-builtin": {
          "optional": true
        }
      }
    },
    "node_modules/@deepseek-ai/cosmokit": {
      "version": "1.8.5",
      "resolved": "https://registry.npmjs.org/@deepseek-ai/cosmokit/-/cosmokit-1.8.5.tgz",
      "integrity": "sha512-LXsrlem9z8dq4sLflj2yuCuYX7KqhdzF5hZly3eZyuTo8d6oDSOXuEgC5DbQWKW+lksm6zmOutQLsP/ma6wR6A==",
      "license": "MIT",
      "peer": true
    },
    "node_modules/@deepseek-ai/dsh-agent": {
      "version": "0.1.2-rc.1",
      "resolved": "https://registry.npmjs.org/@deepseek-ai/dsh-agent/-/dsh-agent-0.1.2-rc.1.tgz",
      "integrity": "sha512-lfaqN34vUCWvbn1kJVHrhfJ6Dvt1HDHCm33ZCpmKkl07/5q6FxWqVv6rOdVX5QnM/9xz/uYiN0nQwUtBg4+Skg==",
      "license": "MIT",
      "peer": true,
      "peerDependencies": {
        "@deepseek-ai/cordis": "^4.0.2",
        "@deepseek-ai/dsh-invariants": "^0.1.2-rc.1",
        "@deepseek-ai/dsh-llm": "^0.1.2-rc.1",
        "@deepseek-ai/dsh-scope": "^0.1.2-rc.1",
        "@deepseek-ai/dsh-session": "^0.1.2-rc.1",
        "@deepseek-ai/dsh-session-projection": "^0.1.2-rc.1",
        "@deepseek-ai/dsh-system-prompt": "^0.1.2-rc.1",
        "@deepseek-ai/dsh-typert-protocol": "^0.1.2-rc.1"
      }
    },
    "node_modules/@deepseek-ai/dsh-agent-default-model": {
      "version": "0.1.2-rc.1",
      "resolved": "https://registry.npmjs.org/@deepseek-ai/dsh-agent-default-model/-/dsh-agent-default-model-0.1.2-rc.1.tgz",
      "integrity": "sha512-feuTXXl6jIAp71O77l8XzeKcpgahlCXQ7YUjM+Cl/VF0EBpctKkdvwbvTalImRzYYzX5qGK74hblsT2HC4xEwQ==",
      "license": "MIT",
      "peer": true,
      "dependencies": {
        "@deepseek-ai/schemastery": "^3.18.2"
      },
      "peerDependencies": {
        "@deepseek-ai/cordis": "^4.0.2",
        "@deepseek-ai/dsh-agent": "^0.1.2-rc.1",
        "@deepseek-ai/dsh-llm": "^0.1.2-rc.1",
        "@deepseek-ai/dsh-settings": "^0.1.2-rc.1"
      }
    },
    "node_modules/@deepseek-ai/dsh-agent-presets": {
      "version": "0.1.2-rc.1",
      "resolved": "https://registry.npmjs.org/@deepseek-ai/dsh-agent-presets/-/dsh-agent-presets-0.1.2-rc.1.tgz",
      "integrity": "sha512-vNvDw8DYtZ8ySublYY6gFPPruNIST3Xq9bf7RlgoAY4xJxc4w3+/+HOhoYrxQRDWk+FQgYkBnSfnT0OTSOY3RQ==",
      "license": "MIT",
      "peer": true,
      "dependencies": {
        "@deepseek-ai/schemastery": "^3.18.2",
        "js-yaml": "^4.1.0",
        "zod": "^4.4.3"
      },
      "peerDependencies": {
        "@deepseek-ai/cordis": "^4.0.2",
        "@deepseek-ai/cordis-plugin-include": "^1.0.7",
        "@deepseek-ai/cordis-plugin-loader": "^1.0.3",
        "@deepseek-ai/dsh-agent": "^0.1.2-rc.1",
        "@deepseek-ai/dsh-atomic-write": "^0.1.2-rc.1",
        "@deepseek-ai/dsh-home-paths": "^0.1.2-rc.1",
        "@deepseek-ai/dsh-invariants": "^0.1.2-rc.1",
        "@deepseek-ai/dsh-scope": "^0.1.2-rc.1",
        "@deepseek-ai/dsh-session": "^0.1.2-rc.1",
        "@deepseek-ai/dsh-session-projection": "^0.1.2-rc.1",
        "@deepseek-ai/dsh-settings": "^0.1.2-rc.1",
        "@deepseek-ai/dsh-system-prompt": "^0.1.2-rc.1",
        "@deepseek-ai/dsh-tools": "^0.1.2-rc.1",
        "@deepseek-ai/dsh-typert-protocol": "^0.1.2-rc.1"
      }
    },
    "node_modules/@deepseek-ai/dsh-api-gateway": {
      "version": "0.1.2-rc.1",
      "resolved": "https://registry.npmjs.org/@deepseek-ai/dsh-api-gateway/-/dsh-api-gateway-0.1.2-rc.1.tgz",
      "integrity": "sha512-9jYky3tan2ZFAyaNP2+wbOvwGiUwJdvqqBVUJ6370+2d7OeZIfPu4PMLLFvPqGXR28a9TwuhWoT7i9gpHxRmmA==",
      "license": "MIT",
      "peer": true,
      "dependencies": {
        "@deepseek-ai/dsh-deque": "^0.1.2-rc.1",
        "@deepseek-ai/dsh-timeout": "^0.1.2-rc.1",
        "@deepseek-ai/dsh-typert-protocol": "^0.1.2-rc.1",
        "@deepseek-ai/schemastery": "^3.18.2",
        "ws": "^8.21.0"
      },
      "peerDependencies": {
        "@deepseek-ai/cordis": "^4.0.2"
      }
    },
    "node_modules/@deepseek-ai/dsh-api-session-controller": {
      "version": "0.1.2-alpha.2",
      "resolved": "https://registry.npmjs.org/@deepseek-ai/dsh-api-session-controller/-/dsh-api-session-controller-0.1.2-alpha.2.tgz",
      "integrity": "sha512-X2YSKLSlD8ncitlzSdqzeBV92V4Sa7wEkOB65u32Xy04rovR+vKlqm4TpSGjHUT7Q0U8vOQ6eVlrMmOuJ+nkbw==",
      "license": "MIT",
      "peer": true,
      "dependencies": {
        "@deepseek-ai/dsh-brand": "^0.1.2-alpha.2",
        "@deepseek-ai/dsh-deque": "^0.1.2-alpha.2",
        "@deepseek-ai/schemastery": "^3.18.2",
        "zod": "^4.4.3"
      },
      "peerDependencies": {
        "@deepseek-ai/cordis": "^4.0.2",
        "@deepseek-ai/dsh-agent": "^0.1.2-alpha.2",
        "@deepseek-ai/dsh-agent-default-model": "^0.1.2-alpha.2",
        "@deepseek-ai/dsh-agent-presets": "^0.1.2-alpha.2",
        "@deepseek-ai/dsh-api-gateway": "^0.1.2-alpha.2",
        "@deepseek-ai/dsh-attachment": "^0.1.2-alpha.2",
        "@deepseek-ai/dsh-client-connection": "^0.1.2-alpha.2",
        "@deepseek-ai/dsh-file-reference": "^0.1.2-alpha.2",
        "@deepseek-ai/dsh-invariants": "^0.1.2-alpha.2",
        "@deepseek-ai/dsh-jobs": "^0.1.2-alpha.2",
        "@deepseek-ai/dsh-llm": "^0.1.2-alpha.2",
        "@deepseek-ai/dsh-native-command": "^0.1.2-alpha.2",
        "@deepseek-ai/dsh-scope": "^0.1.2-alpha.2",
        "@deepseek-ai/dsh-session": "^0.1.2-alpha.2",
        "@deepseek-ai/dsh-session-persistence": "^0.1.2-alpha.2",
        "@deepseek-ai/dsh-session-projection": "^0.1.2-alpha.2",
        "@deepseek-ai/dsh-session-projection-cache": "^0.1.2-alpha.2",
        "@deepseek-ai/dsh-session-query": "^0.1.2-alpha.2",
        "@deepseek-ai/dsh-session-title": "^0.1.2-alpha.2",
        "@deepseek-ai/dsh-skill": "^0.1.2-alpha.2",
        "@deepseek-ai/dsh-subagent": "^0.1.2-alpha.2",
        "@deepseek-ai/dsh-typert-protocol": "^0.1.2-alpha.2",
        "@deepseek-ai/dsh-typert-registry": "^0.1.2-alpha.2",
        "@deepseek-ai/dsh-util-time": "^0.1.2-alpha.2",
        "@deepseek-ai/dsh-util-workspace-path": "^0.1.2-alpha.2",
        "@deepseek-ai/dsh-workspace": "^0.1.2-alpha.2"
      },
      "peerDependenciesMeta": {
        "@deepseek-ai/dsh-jobs": {
          "optional": true
        },
        "@deepseek-ai/dsh-session-persistence": {
          "optional": true
        },
        "@deepseek-ai/dsh-session-projection-cache": {
          "optional": true
        }
      }
    },
    "node_modules/@deepseek-ai/dsh-atomic-write": {
      "version": "0.1.2-rc.1",
      "resolved": "https://registry.npmjs.org/@deepseek-ai/dsh-atomic-write/-/dsh-atomic-write-0.1.2-rc.1.tgz",
      "integrity": "sha512-lwWwdXRZrL/xCluykwh+HSFzNPlSyhLPP3oyXas5Zp0e+bc7blk9u6J7bY2GTNBQBIUC7AN+xwFKd3fnkIXGIw==",
      "license": "MIT",
      "peer": true,
      "peerDependencies": {
        "@deepseek-ai/cordis": "^4.0.2"
      }
    },
    "node_modules/@deepseek-ai/dsh-attachment": {
      "version": "0.1.2-rc.1",
      "resolved": "https://registry.npmjs.org/@deepseek-ai/dsh-attachment/-/dsh-attachment-0.1.2-rc.1.tgz",
      "integrity": "sha512-QISKUjEITusLvAkqPLRn70xDUt+GjjY41pISjtPKYcZ4EGmayzhgZ3VJNYEcC+rbaF44hs2o/0VhOwHA7lyxjw==",
      "license": "MIT",
      "peer": true,
      "peerDependencies": {
        "@deepseek-ai/cordis": "^4.0.2",
        "@deepseek-ai/dsh-brand": "^0.1.2-rc.1"
      }
    },
    "node_modules/@deepseek-ai/dsh-brand": {
      "version": "0.1.2-rc.1",
      "resolved": "https://registry.npmjs.org/@deepseek-ai/dsh-brand/-/dsh-brand-0.1.2-rc.1.tgz",
      "integrity": "sha512-y2RHIag3kzLdY8kTBuSUSTsKzWPscJrysNObXTiNM7stXLpa3jXpshsB1caqGzNx50vYcmHeN1gFVECgx3NZHg==",
      "license": "MIT",
      "peer": true,
      "peerDependencies": {
        "@deepseek-ai/cordis": "^4.0.2"
      }
    },
    "node_modules/@deepseek-ai/dsh-client-connection": {
      "version": "0.1.2-rc.1",
      "resolved": "https://registry.npmjs.org/@deepseek-ai/dsh-client-connection/-/dsh-client-connection-0.1.2-rc.1.tgz",
      "integrity": "sha512-30g7JG+Z8bDj+ux+KsDfMSXPI6zXotMAFNCxI8O8mJiutJNlZxIL5LXQeDrJpVOW9MWWQkoMp+R+Dxzp5DNDSQ==",
      "license": "MIT",
      "peer": true,
      "dependencies": {
        "@deepseek-ai/dsh-credentials": "^0.1.2-rc.1",
        "@deepseek-ai/schemastery": "^3.18.2",
        "zod": "^4.4.3"
      },
      "peerDependencies": {
        "@deepseek-ai/cordis": "^4.0.2"
      }
    },
    "node_modules/@deepseek-ai/dsh-code-runtime": {
      "version": "0.1.2-rc.1",
      "resolved": "https://registry.npmjs.org/@deepseek-ai/dsh-code-runtime/-/dsh-code-runtime-0.1.2-rc.1.tgz",
      "integrity": "sha512-dv5UszPJb/AFcarZc2c6h5z/X80bsrSd3bfIOugwNVclSI6P+L3ixseoZKgyks7T0Ap0h6ngXGk2WeoUkmYxnQ==",
      "license": "MIT",
      "peer": true,
      "peerDependencies": {
        "@deepseek-ai/cordis": "^4.0.2"
      }
    },
    "node_modules/@deepseek-ai/dsh-commands": {
      "version": "0.1.2-rc.1",
      "resolved": "https://registry.npmjs.org/@deepseek-ai/dsh-commands/-/dsh-commands-0.1.2-rc.1.tgz",
      "integrity": "sha512-uBh4JTX7pOkFhmbWjXjVLnOQOawyccC7+DazbHrLRN6/wy4OgTRH+DaW0+ibLq+XRAO19OvBTtuoh3x/KkJx1Q==",
      "license": "MIT",
      "peer": true,
      "dependencies": {
        "@deepseek-ai/dsh-util-crypto": "^0.1.2-rc.1",
        "zod": "^4.4.3"
      },
      "peerDependencies": {
        "@deepseek-ai/cordis": "^4.0.2",
        "@deepseek-ai/dsh-agent": "^0.1.2-rc.1",
        "@deepseek-ai/dsh-attachment": "^0.1.2-rc.1",
        "@deepseek-ai/dsh-brand": "^0.1.2-rc.1",
        "@deepseek-ai/dsh-invariants": "^0.1.2-rc.1",
        "@deepseek-ai/dsh-llm": "^0.1.2-rc.1",
        "@deepseek-ai/dsh-scope": "^0.1.2-rc.1",
        "@deepseek-ai/dsh-session": "^0.1.2-rc.1",
        "@deepseek-ai/dsh-typert-protocol": "^0.1.2-rc.1"
      }
    },
    "node_modules/@deepseek-ai/dsh-credentials": {
      "version": "0.1.2-rc.1",
      "resolved": "https://registry.npmjs.org/@deepseek-ai/dsh-credentials/-/dsh-credentials-0.1.2-rc.1.tgz",
      "integrity": "sha512-e7DGpuYQqiD4dOWGQeY/XAWPTjbax/MkrXBwsB8wBtNpoPiAKiLYgd+iFiQc66BGOlutSRFz31IKdbduqPbTxA==",
      "license": "MIT",
      "peer": true,
      "dependencies": {
        "@deepseek-ai/dsh-brand": "^0.1.2-rc.1"
      },
      "peerDependencies": {
        "@deepseek-ai/cordis": "^4.0.2",
        "@deepseek-ai/dsh-invariants": "^0.1.2-rc.1"
      }
    },
    "node_modules/@deepseek-ai/dsh-deque": {
      "version": "0.1.2-rc.1",
      "resolved": "https://registry.npmjs.org/@deepseek-ai/dsh-deque/-/dsh-deque-0.1.2-rc.1.tgz",
      "integrity": "sha512-v2HL9e6NER5Yv8p3+8zls9YvhG3NeRRMVg0GZ/4VgOJcVDgZp14EYVVbheX9HzYlyiic41ciAf1T8Y2pkV41OQ==",
      "license": "MIT",
      "peer": true,
      "peerDependencies": {
        "@deepseek-ai/cordis": "^4.0.2"
      }
    },
    "node_modules/@deepseek-ai/dsh-file-reference": {
      "version": "0.1.2-rc.1",
      "resolved": "https://registry.npmjs.org/@deepseek-ai/dsh-file-reference/-/dsh-file-reference-0.1.2-rc.1.tgz",
      "integrity": "sha512-m4Rvk7tpOep62Q1UCceeqFKSM0K4Y6igZopuKn+AZkL2FAM2JISojMefXq5SKtjPiZP0Vg4BpDey3M63Bnl4xw==",
      "license": "MIT",
      "peer": true,
      "peerDependencies": {
        "@deepseek-ai/cordis": "^4.0.2",
        "@deepseek-ai/dsh-agent": "^0.1.2-rc.1"
      }
    },
    "node_modules/@deepseek-ai/dsh-home-paths": {
      "version": "0.1.2-rc.1",
      "resolved": "https://registry.npmjs.org/@deepseek-ai/dsh-home-paths/-/dsh-home-paths-0.1.2-rc.1.tgz",
      "integrity": "sha512-DeDXxvrhAlkS+hxNLSFvWp8LDFhn26pO8gcutptOgSkrObM0yYW5119kyduwD1ExW0v1geToX+uDjBxO/SS/pQ==",
      "license": "MIT",
      "peer": true,
      "peerDependencies": {
        "@deepseek-ai/cordis": "^4.0.2"
      }
    },
    "node_modules/@deepseek-ai/dsh-invariants": {
      "version": "0.1.2-rc.1",
      "resolved": "https://registry.npmjs.org/@deepseek-ai/dsh-invariants/-/dsh-invariants-0.1.2-rc.1.tgz",
      "integrity": "sha512-zSjuFJYcEB94kPwn7SicqAV1dfVWZkjt1I8luDboxtjfp5CN6ziwJhLv3KaB+Dh9tgkyGY4mvo886W/HhE9L9g==",
      "license": "MIT",
      "peer": true,
      "dependencies": {
        "@deepseek-ai/schemastery": "^3.18.2"
      },
      "peerDependencies": {
        "@deepseek-ai/cordis": "^4.0.2"
      }
    },
    "node_modules/@deepseek-ai/dsh-llm": {
      "version": "0.1.2-rc.1",
      "resolved": "https://registry.npmjs.org/@deepseek-ai/dsh-llm/-/dsh-llm-0.1.2-rc.1.tgz",
      "integrity": "sha512-7VYsha5AXsVLnsAwYJffWXz9bwUbElw8i5N8tlTSdai9Bupk3sMbsotzPf8ZbsuGAxQYErahMwQwgGEu4qZO6g==",
      "license": "MIT",
      "peer": true,
      "dependencies": {
        "@deepseek-ai/dsh-brand": "^0.1.2-rc.1",
        "@deepseek-ai/dsh-timeout": "^0.1.2-rc.1",
        "@deepseek-ai/dsh-typert-protocol": "^0.1.2-rc.1",
        "@deepseek-ai/dsh-util-crypto": "^0.1.2-rc.1",
        "@deepseek-ai/dsh-util-values": "^0.1.2-rc.1",
        "@deepseek-ai/schemastery": "^3.18.2",
        "zod": "^4.4.3"
      },
      "peerDependencies": {
        "@deepseek-ai/cordis": "^4.0.2"
      }
    },
    "node_modules/@deepseek-ai/dsh-native-command": {
      "version": "0.1.2-rc.1",
      "resolved": "https://registry.npmjs.org/@deepseek-ai/dsh-native-command/-/dsh-native-command-0.1.2-rc.1.tgz",
      "integrity": "sha512-dBVql+9hXcdnWcfwBiFAfzz9CmAnx6iWYsBFQNdPgVu9m7VcOyiIT8ZQ47BVm7GHmpDXmqiI7pL1iwnI56hrzg==",
      "license": "MIT",
      "peer": true,
      "peerDependencies": {
        "@deepseek-ai/cordis": "^4.0.2"
      }
    },
    "node_modules/@deepseek-ai/dsh-scope": {
      "version": "0.1.2-rc.1",
      "resolved": "https://registry.npmjs.org/@deepseek-ai/dsh-scope/-/dsh-scope-0.1.2-rc.1.tgz",
      "integrity": "sha512-GHwbzWrGbmE0ZGzAZsXBudpyCM9ENCpXxlKODIaPFbIWhRePh6nH2jW47TAOqCIsPPedWC2p3w8Tx5WAa3I/2A==",
      "license": "MIT",
      "peer": true,
      "peerDependencies": {
        "@deepseek-ai/cordis": "^4.0.2",
        "@deepseek-ai/dsh-invariants": "^0.1.2-rc.1"
      }
    },
    "node_modules/@deepseek-ai/dsh-session": {
      "version": "0.1.2-rc.1",
      "resolved": "https://registry.npmjs.org/@deepseek-ai/dsh-session/-/dsh-session-0.1.2-rc.1.tgz",
      "integrity": "sha512-jRGNPTbQcvIx1F2MVmmkoiHLgpC3Btqo1wkl/3JDLlOWRVWKOuaC+5fQiMrFPOYfno6YiX/c2UvmA0td8qB92w==",
      "license": "MIT",
      "peer": true,
      "dependencies": {
        "@deepseek-ai/dsh-brand": "^0.1.2-rc.1",
        "@deepseek-ai/dsh-llm": "^0.1.2-rc.1",
        "@deepseek-ai/dsh-util-values": "^0.1.2-rc.1"
      },
      "peerDependencies": {
        "@deepseek-ai/cordis": "^4.0.2",
        "@deepseek-ai/dsh-scope": "^0.1.2-rc.1"
      }
    },
    "node_modules/@deepseek-ai/dsh-session-persistence": {
      "version": "0.1.2-rc.1",
      "resolved": "https://registry.npmjs.org/@deepseek-ai/dsh-session-persistence/-/dsh-session-persistence-0.1.2-rc.1.tgz",
      "integrity": "sha512-8dnQGgqA8yK7SIxyC2utRdkHhM7mxw9iidDlPOx4GRO4fgY8+UpjxFvWPshkKsY2WNYY/nYcZQt5NNoE/Br4Dw==",
      "license": "MIT",
      "peer": true,
      "dependencies": {
        "@deepseek-ai/dsh-util-values": "^0.1.2-rc.1"
      },
      "peerDependencies": {
        "@deepseek-ai/cordis": "^4.0.2",
        "@deepseek-ai/dsh-brand": "^0.1.2-rc.1",
        "@deepseek-ai/dsh-session": "^0.1.2-rc.1",
        "@deepseek-ai/dsh-timeout": "^0.1.2-rc.1"
      }
    },
    "node_modules/@deepseek-ai/dsh-session-projection": {
      "version": "0.1.2-rc.1",
      "resolved": "https://registry.npmjs.org/@deepseek-ai/dsh-session-projection/-/dsh-session-projection-0.1.2-rc.1.tgz",
      "integrity": "sha512-qVWlIzPm4u9vzQ5G/QtE6jeSJ3b3b42hWVJj664BurEZlHbAfdqkhYc1QsoBU+5k5kUEJFHh07z8HxuXA9kTnQ==",
      "license": "MIT",
      "peer": true,
      "dependencies": {
        "zod": "^4.4.3"
      },
      "peerDependencies": {
        "@deepseek-ai/cordis": "^4.0.2",
        "@deepseek-ai/dsh-session": "^0.1.2-rc.1"
      }
    },
    "node_modules/@deepseek-ai/dsh-session-query": {
      "version": "0.1.2-rc.1",
      "resolved": "https://registry.npmjs.org/@deepseek-ai/dsh-session-query/-/dsh-session-query-0.1.2-rc.1.tgz",
      "integrity": "sha512-cubi3flRd66ebzJ/My5t9YIB7ymLdmQonjb07oU5btMHO/ln+gpKnqq2DcnfsdKkktSR+f5VpLMbfTNtoBuRCw==",
      "license": "MIT",
      "peer": true,
      "peerDependencies": {
        "@deepseek-ai/cordis": "^4.0.2",
        "@deepseek-ai/dsh-brand": "^0.1.2-rc.1",
        "@deepseek-ai/dsh-llm": "^0.1.2-rc.1",
        "@deepseek-ai/dsh-session": "^0.1.2-rc.1",
        "@deepseek-ai/dsh-session-persistence": "^0.1.2-rc.1",
        "@deepseek-ai/dsh-session-projection": "^0.1.2-rc.1",
        "@deepseek-ai/dsh-session-projection-cache": "^0.1.2-rc.1",
        "@deepseek-ai/dsh-session-title": "^0.1.2-rc.1",
        "@deepseek-ai/dsh-tool-todo": "^0.1.2-rc.1"
      },
      "peerDependenciesMeta": {
        "@deepseek-ai/dsh-session-persistence": {
          "optional": true
        },
        "@deepseek-ai/dsh-session-projection": {
          "optional": true
        },
        "@deepseek-ai/dsh-session-projection-cache": {
          "optional": true
        }
      }
    },
    "node_modules/@deepseek-ai/dsh-session-title": {
      "version": "0.1.2-rc.1",
      "resolved": "https://registry.npmjs.org/@deepseek-ai/dsh-session-title/-/dsh-session-title-0.1.2-rc.1.tgz",
      "integrity": "sha512-hCffH0uZWEM9p3MPkOQOFUxpPwfV48N8KDc3hYX7zVOFgHBY93ylwkEEVVkWN+sNp2zJmFrZSya23jFVshDtQg==",
      "license": "MIT",
      "peer": true,
      "dependencies": {
        "@deepseek-ai/dsh-util-values": "^0.1.2-rc.1",
        "@deepseek-ai/schemastery": "^3.18.2",
        "zod": "^4.4.3"
      },
      "peerDependencies": {
        "@deepseek-ai/cordis": "^4.0.2",
        "@deepseek-ai/dsh-agent": "^0.1.2-rc.1",
        "@deepseek-ai/dsh-brand": "^0.1.2-rc.1",
        "@deepseek-ai/dsh-invariants": "^0.1.2-rc.1",
        "@deepseek-ai/dsh-llm": "^0.1.2-rc.1",
        "@deepseek-ai/dsh-session": "^0.1.2-rc.1",
        "@deepseek-ai/dsh-session-projection": "^0.1.2-rc.1"
      }
    },
    "node_modules/@deepseek-ai/dsh-settings": {
      "version": "0.1.2-rc.1",
      "resolved": "https://registry.npmjs.org/@deepseek-ai/dsh-settings/-/dsh-settings-0.1.2-rc.1.tgz",
      "integrity": "sha512-wMmJ2w5S6I7hgmgPppuAVemltEcTmAa8gvii7fk4T2KGVCuBYgig8xPwQ8Lp2ukLZSzzE6ZVCQxhdYZyJX/USA==",
      "license": "MIT",
      "peer": true,
      "dependencies": {
        "@deepseek-ai/dsh-util-values": "^0.1.2-rc.1"
      },
      "peerDependencies": {
        "@deepseek-ai/cordis": "^4.0.2",
        "@deepseek-ai/dsh-brand": "^0.1.2-rc.1",
        "@deepseek-ai/dsh-invariants": "^0.1.2-rc.1",
        "@deepseek-ai/dsh-session": "^0.1.2-rc.1",
        "@deepseek-ai/schemastery": "^3.18.2"
      }
    },
    "node_modules/@deepseek-ai/dsh-skill": {
      "version": "0.1.2-rc.1",
      "resolved": "https://registry.npmjs.org/@deepseek-ai/dsh-skill/-/dsh-skill-0.1.2-rc.1.tgz",
      "integrity": "sha512-oaHunkTZ9gtlxp66GcqZ3tQmPXEgbu/KNCnc9JipaIwfLHFYiU3CKuFjVAiu82qtSr9w7umRMFKAstkr1R30jw==",
      "license": "MIT",
      "peer": true,
      "dependencies": {
        "@deepseek-ai/dsh-util-values": "^0.1.2-rc.1",
        "@deepseek-ai/schemastery": "^3.18.2"
      },
      "peerDependencies": {
        "@deepseek-ai/cordis": "^4.0.2",
        "@deepseek-ai/dsh-llm": "^0.1.2-rc.1",
        "@deepseek-ai/dsh-scope": "^0.1.2-rc.1"
      }
    },
    "node_modules/@deepseek-ai/dsh-storage": {
      "version": "0.1.2-rc.1",
      "resolved": "https://registry.npmjs.org/@deepseek-ai/dsh-storage/-/dsh-storage-0.1.2-rc.1.tgz",
      "integrity": "sha512-tMtOe7GkHKZ71QpOzp2Mfisg37aAYjPCRS2MYfDrgM0pmj29Gn7HOxAPCk6gEqxs6rZbPbG1/SB9esWuQNfITg==",
      "license": "MIT",
      "peer": true,
      "peerDependencies": {
        "@deepseek-ai/cordis": "^4.0.2"
      }
    },
    "node_modules/@deepseek-ai/dsh-storage-domain": {
      "version": "0.1.2-rc.1",
      "resolved": "https://registry.npmjs.org/@deepseek-ai/dsh-storage-domain/-/dsh-storage-domain-0.1.2-rc.1.tgz",
      "integrity": "sha512-Ee+fI/46ZXgKV4bfLeiNJMhlo9Mx0jT9GXzuJ0DcdGGOsNSZrY/EQAzVXHJJu6EVwIJqBkv1bxEKijVSF2YhZQ==",
      "license": "MIT",
      "peer": true,
      "dependencies": {
        "@deepseek-ai/schemastery": "^3.18.2",
        "zod": "^4.4.3"
      },
      "peerDependencies": {
        "@deepseek-ai/cordis": "^4.0.2",
        "@deepseek-ai/dsh-invariants": "^0.1.2-rc.1",
        "@deepseek-ai/dsh-storage": "^0.1.2-rc.1"
      }
    },
    "node_modules/@deepseek-ai/dsh-subagent": {
      "version": "0.1.2-rc.1",
      "resolved": "https://registry.npmjs.org/@deepseek-ai/dsh-subagent/-/dsh-subagent-0.1.2-rc.1.tgz",
      "integrity": "sha512-GhRsymKb1uYbc7OwHh8WTdSXqAcx/KHFJwYX4BYJk90dsOkVx9ccBq6QoJfDYja34s1KCyv2UO/8MUtrzBsITw==",
      "license": "MIT",
      "peer": true,
      "dependencies": {
        "@deepseek-ai/dsh-brand": "^0.1.2-rc.1",
        "@deepseek-ai/dsh-util-values": "^0.1.2-rc.1",
        "zod": "^4.4.3"
      },
      "peerDependencies": {
        "@deepseek-ai/cordis": "^4.0.2",
        "@deepseek-ai/dsh-agent": "^0.1.2-rc.1",
        "@deepseek-ai/dsh-agent-presets": "^0.1.2-rc.1",
        "@deepseek-ai/dsh-attachment": "^0.1.2-rc.1",
        "@deepseek-ai/dsh-invariants": "^0.1.2-rc.1",
        "@deepseek-ai/dsh-jobs": "^0.1.2-rc.1",
        "@deepseek-ai/dsh-llm": "^0.1.2-rc.1",
        "@deepseek-ai/dsh-sandbox": "^0.1.2-rc.1",
        "@deepseek-ai/dsh-sandbox-policy": "^0.1.2-rc.1",
        "@deepseek-ai/dsh-scope": "^0.1.2-rc.1",
        "@deepseek-ai/dsh-session": "^0.1.2-rc.1",
        "@deepseek-ai/dsh-session-persistence": "^0.1.2-rc.1",
        "@deepseek-ai/dsh-session-projection": "^0.1.2-rc.1",
        "@deepseek-ai/dsh-session-projection-cache": "^0.1.2-rc.1",
        "@deepseek-ai/dsh-session-query": "^0.1.2-rc.1",
        "@deepseek-ai/dsh-system-prompt": "^0.1.2-rc.1",
        "@deepseek-ai/dsh-tools": "^0.1.2-rc.1",
        "@deepseek-ai/dsh-typert-protocol": "^0.1.2-rc.1",
        "@deepseek-ai/dsh-user-approval": "^0.1.2-rc.1",
        "@deepseek-ai/dsh-util-time": "^0.1.2-rc.1"
      },
      "peerDependenciesMeta": {
        "@deepseek-ai/dsh-agent-presets": {
          "optional": true
        },
        "@deepseek-ai/dsh-jobs": {
          "optional": true
        },
        "@deepseek-ai/dsh-sandbox": {
          "optional": true
        },
        "@deepseek-ai/dsh-sandbox-policy": {
          "optional": true
        },
        "@deepseek-ai/dsh-session-persistence": {
          "optional": true
        },
        "@deepseek-ai/dsh-session-projection": {
          "optional": true
        },
        "@deepseek-ai/dsh-session-projection-cache": {
          "optional": true
        },
        "@deepseek-ai/dsh-session-query": {
          "optional": true
        },
        "@deepseek-ai/dsh-user-approval": {
          "optional": true
        }
      }
    },
    "node_modules/@deepseek-ai/dsh-system-prompt": {
      "version": "0.1.2-rc.1",
      "resolved": "https://registry.npmjs.org/@deepseek-ai/dsh-system-prompt/-/dsh-system-prompt-0.1.2-rc.1.tgz",
      "integrity": "sha512-7W93PZKIk4CHvjZGgLIxrrEKpk+6t8nQXje1vKR5vG73dfXH0t1MJ5WWH/fngadYc7c6KzM84ihQ66tJqJqyNQ==",
      "license": "MIT",
      "peer": true,
      "dependencies": {
        "@deepseek-ai/schemastery": "^3.18.2"
      },
      "peerDependencies": {
        "@deepseek-ai/cordis": "^4.0.2",
        "@deepseek-ai/dsh-invariants": "^0.1.2-rc.1",
        "@deepseek-ai/dsh-llm": "^0.1.2-rc.1",
        "@deepseek-ai/dsh-scope": "^0.1.2-rc.1"
      }
    },
    "node_modules/@deepseek-ai/dsh-timeout": {
      "version": "0.1.2-rc.1",
      "resolved": "https://registry.npmjs.org/@deepseek-ai/dsh-timeout/-/dsh-timeout-0.1.2-rc.1.tgz",
      "integrity": "sha512-llz11yxWeJB8suKCa6hRLjNBWVaPn3Fbd0XoBS0bkZLhPFzO1mDorx/XMca2GhI7XF9A86CURQcDt+aGjjvqJA==",
      "license": "MIT",
      "peer": true,
      "peerDependencies": {
        "@deepseek-ai/cordis": "^4.0.2"
      }
    },
    "node_modules/@deepseek-ai/dsh-tool-todo": {
      "version": "0.1.2-rc.1",
      "resolved": "https://registry.npmjs.org/@deepseek-ai/dsh-tool-todo/-/dsh-tool-todo-0.1.2-rc.1.tgz",
      "integrity": "sha512-NFDdJNwryfwrNDsy9XeYYB9NaI/GAfgNMKvMlMxgXXuvmVoeLD71o5r2/S5Cl0unXLRfV+dP91hkj4Z+aVYTzA==",
      "license": "MIT",
      "peer": true,
      "dependencies": {
        "@deepseek-ai/schemastery": "^3.18.2",
        "zod": "^4.4.3"
      },
      "peerDependencies": {
        "@deepseek-ai/cordis": "^4.0.2",
        "@deepseek-ai/dsh-agent": "^0.1.2-rc.1",
        "@deepseek-ai/dsh-invariants": "^0.1.2-rc.1",
        "@deepseek-ai/dsh-session": "^0.1.2-rc.1",
        "@deepseek-ai/dsh-session-projection": "^0.1.2-rc.1",
        "@deepseek-ai/dsh-tools": "^0.1.2-rc.1"
      }
    },
    "node_modules/@deepseek-ai/dsh-tools": {
      "version": "0.1.2-rc.1",
      "resolved": "https://registry.npmjs.org/@deepseek-ai/dsh-tools/-/dsh-tools-0.1.2-rc.1.tgz",
      "integrity": "sha512-W9kUio00s7WbM8kEwniyd4hfb3CeUxVczsjXbOcKtakfiTywNLeyRWkpx2fvwRAH2rBfg3qCgczVfS0DOw1csg==",
      "license": "MIT",
      "peer": true,
      "dependencies": {
        "@deepseek-ai/dsh-brand": "^0.1.2-rc.1",
        "@deepseek-ai/dsh-util-values": "^0.1.2-rc.1",
        "@deepseek-ai/schemastery": "^3.18.2"
      },
      "peerDependencies": {
        "@deepseek-ai/cordis": "^4.0.2",
        "@deepseek-ai/dsh-agent": "^0.1.2-rc.1",
        "@deepseek-ai/dsh-code-runtime": "^0.1.2-rc.1",
        "@deepseek-ai/dsh-invariants": "^0.1.2-rc.1",
        "@deepseek-ai/dsh-llm": "^0.1.2-rc.1",
        "@deepseek-ai/dsh-scope": "^0.1.2-rc.1",
        "@deepseek-ai/dsh-session": "^0.1.2-rc.1",
        "@deepseek-ai/dsh-system-prompt": "^0.1.2-rc.1",
        "@deepseek-ai/dsh-user-approval": "^0.1.2-rc.1"
      }
    },
    "node_modules/@deepseek-ai/dsh-typert-protocol": {
      "version": "0.1.2-rc.1",
      "resolved": "https://registry.npmjs.org/@deepseek-ai/dsh-typert-protocol/-/dsh-typert-protocol-0.1.2-rc.1.tgz",
      "integrity": "sha512-vBWD0NpriPd96ltbWaAw+iKeWFIEjiAcCWYtmqEcV1Ms+FaV02usjjm7LCmhSQhMZpBSBc7EZUX0spGlpjI1bA==",
      "license": "MIT",
      "peer": true,
      "peerDependencies": {
        "@deepseek-ai/cordis": "^4.0.2"
      }
    },
    "node_modules/@deepseek-ai/dsh-typert-registry": {
      "version": "0.1.2-rc.1",
      "resolved": "https://registry.npmjs.org/@deepseek-ai/dsh-typert-registry/-/dsh-typert-registry-0.1.2-rc.1.tgz",
      "integrity": "sha512-Y6eWVTp3GBDt9DYjYqsLIHG3SJelBZvhDpBipz0Cam1Al85MQyecqdMrmOmvCZZ7nDwelC6xkZfg7vikrtpB/w==",
      "license": "MIT",
      "peer": true,
      "dependencies": {
        "zod": "^4.4.3"
      },
      "peerDependencies": {
        "@deepseek-ai/cordis": "^4.0.2"
      }
    },
    "node_modules/@deepseek-ai/dsh-user-approval": {
      "version": "0.1.2-rc.1",
      "resolved": "https://registry.npmjs.org/@deepseek-ai/dsh-user-approval/-/dsh-user-approval-0.1.2-rc.1.tgz",
      "integrity": "sha512-oYkLE4a/TwqVNi299pUf/QP1Yku6KScdUCTUyYbjaRBcN+/pXPpHikl2aoE2thH9D0uT/Kj6T2kz+wDDcFd9Xg==",
      "license": "MIT",
      "peer": true,
      "dependencies": {
        "@deepseek-ai/schemastery": "^3.18.2"
      },
      "peerDependencies": {
        "@deepseek-ai/cordis": "^4.0.2",
        "@deepseek-ai/dsh-agent": "^0.1.2-rc.1",
        "@deepseek-ai/dsh-brand": "^0.1.2-rc.1",
        "@deepseek-ai/dsh-invariants": "^0.1.2-rc.1",
        "@deepseek-ai/dsh-llm": "^0.1.2-rc.1",
        "@deepseek-ai/dsh-scope": "^0.1.2-rc.1",
        "@deepseek-ai/dsh-session": "^0.1.2-rc.1",
        "@deepseek-ai/dsh-system-prompt": "^0.1.2-rc.1"
      }
    },
    "node_modules/@deepseek-ai/dsh-util-crypto": {
      "version": "0.1.2-rc.1",
      "resolved": "https://registry.npmjs.org/@deepseek-ai/dsh-util-crypto/-/dsh-util-crypto-0.1.2-rc.1.tgz",
      "integrity": "sha512-gE8FznQ1hkknw9QMrHNSlm3UEyRYuj3MLVvlJ6NyH1kmOsdjnbrVbSs+Pn72k2oIV4Fiyu3Umg0sLznUEcsiXw==",
      "license": "MIT",
      "peer": true,
      "peerDependencies": {
        "@deepseek-ai/cordis": "^4.0.2"
      }
    },
    "node_modules/@deepseek-ai/dsh-util-time": {
      "version": "0.1.2-rc.1",
      "resolved": "https://registry.npmjs.org/@deepseek-ai/dsh-util-time/-/dsh-util-time-0.1.2-rc.1.tgz",
      "integrity": "sha512-OoudDLoYothbZKDbjO6kFu3NLgAnglIS8NFkg5fjnBtz8LGwplN8w7kRURLIrZtH38HknYhpDsdJh8LZai3U6A==",
      "license": "MIT",
      "peer": true,
      "peerDependencies": {
        "@deepseek-ai/cordis": "^4.0.2"
      }
    },
    "node_modules/@deepseek-ai/dsh-util-values": {
      "version": "0.1.2-rc.1",
      "resolved": "https://registry.npmjs.org/@deepseek-ai/dsh-util-values/-/dsh-util-values-0.1.2-rc.1.tgz",
      "integrity": "sha512-FQdgoK+KYVR0pBQb9fTsajvGb3gzUxEzJQEYnFOt+Qdwc4nkxJOPwJJdIvXuqvZaQ33DaOoqpnpcr2p5HpLu4g==",
      "license": "MIT",
      "peer": true,
      "peerDependencies": {
        "@deepseek-ai/cordis": "^4.0.2"
      }
    },
    "node_modules/@deepseek-ai/dsh-util-workspace-path": {
      "version": "0.1.2-alpha.2",
      "resolved": "https://registry.npmjs.org/@deepseek-ai/dsh-util-workspace-path/-/dsh-util-workspace-path-0.1.2-alpha.2.tgz",
      "integrity": "sha512-pu0NlgVVGN1G2HqJTC/150wd6N6nXmJcqyvzSZgnZ7J5vRXQQXbQkpksP+EK4bwWqViYPzhAc8kgyygtkIS9tw==",
      "license": "MIT",
      "peer": true,
      "peerDependencies": {
        "@deepseek-ai/cordis": "^4.0.2",
        "@deepseek-ai/dsh-invariants": "^0.1.2-alpha.2"
      }
    },
    "node_modules/@deepseek-ai/dsh-workspace": {
      "version": "0.1.2-rc.1",
      "resolved": "https://registry.npmjs.org/@deepseek-ai/dsh-workspace/-/dsh-workspace-0.1.2-rc.1.tgz",
      "integrity": "sha512-8q1e4a9K8ON4VabR6VfachNnuOHKvfBlQlv07mFT6CwoaCZXB1WwZxjJFOnIcF7R05uRAPJSVAgUMedgWMxVEQ==",
      "license": "MIT",
      "peer": true,
      "dependencies": {
        "@deepseek-ai/dsh-brand": "^0.1.2-rc.1",
        "zod": "^4.4.3"
      },
      "peerDependencies": {
        "@deepseek-ai/cordis": "^4.0.2",
        "@deepseek-ai/dsh-invariants": "^0.1.2-rc.1",
        "@deepseek-ai/dsh-session": "^0.1.2-rc.1",
        "@deepseek-ai/dsh-session-persistence": "^0.1.2-rc.1",
        "@deepseek-ai/dsh-storage": "^0.1.2-rc.1",
        "@deepseek-ai/dsh-storage-domain": "^0.1.2-rc.1",
        "@deepseek-ai/dsh-typert-protocol": "^0.1.2-rc.1"
      }
    },
    "node_modules/@deepseek-ai/schemastery": {
      "version": "3.18.4",
      "resolved": "https://registry.npmjs.org/@deepseek-ai/schemastery/-/schemastery-3.18.4.tgz",
      "integrity": "sha512-SSXO6tYuyrIqKVbmOnIq0s+riUywYzouFMcnBluHF9n4KMo2G8HvEzhCYj6pj2617/glOjbJuVInJ9hfONsjkg==",
      "license": "MIT",
      "peer": true,
      "dependencies": {
        "@deepseek-ai/cosmokit": "~1.8.5",
        "@standard-schema/spec": "^1.1.0"
      }
    },
    "node_modules/@dsh-std/adapter-dsh": {
      "version": "0.1.1-rc.2",
      "resolved": "https://registry.npmjs.org/@dsh-std/adapter-dsh/-/adapter-dsh-0.1.1-rc.2.tgz",
      "integrity": "sha512-dmNmis00eerj6BtyI3g3DqIcYPNlmSb7FjJjDslbZ5mpJgDndcf7WqgMgBw8RWg3a8Jm85r50XjuvS2asyYaew==",
      "license": "MIT",
      "dependencies": {
        "@dsh-std/command": "^0.1.1-rc.1",
        "@dsh-std/composition": "^0.1.1-rc.1",
        "@dsh-std/connection": "^0.1.1-rc.2",
        "@dsh-std/core": "^0.1.1-rc.1",
        "@dsh-std/lifecycle": "^0.1.1-rc.2",
        "@dsh-std/manifest": "^0.1.1-rc.2",
        "@dsh-std/messages": "^0.1.1-rc.1",
        "@dsh-std/model": "^0.1.1-rc.1",
        "@dsh-std/presentation": "^0.1.1-rc.1",
        "@dsh-std/sdk": "^0.1.1-rc.2",
        "@dsh-std/session": "^0.1.1-rc.2",
        "@dsh-std/storage": "^0.1.1-rc.1",
        "@dsh-std/tool": "^0.1.1-rc.1",
        "@dsh-std/ui": "^0.1.1-rc.1",
        "@dsh-std/ui-browser": "^0.1.1-rc.1",
        "@dsh-std/workspace": "^0.1.1-rc.1",
        "zod": "^4.4.3"
      },
      "engines": {
        "node": "^22.19 || >=24"
      },
      "peerDependencies": {
        "@deepseek-ai/cordis": "^4.0.1",
        "@deepseek-ai/dsh-api-gateway": ">=0.1.2-alpha.2 <0.1.3",
        "@deepseek-ai/dsh-api-session-controller": ">=0.1.2-alpha.2 <0.1.3",
        "@deepseek-ai/dsh-attachment": ">=0.1.2-alpha.2 <0.1.3",
        "@deepseek-ai/dsh-client-modules": ">=0.1.2-alpha.2 <0.1.3",
        "@deepseek-ai/dsh-client-ui-settings": ">=0.1.2-alpha.2 <0.1.3",
        "@deepseek-ai/dsh-client-ui-tool": ">=0.1.2-alpha.2 <0.1.3",
        "@deepseek-ai/dsh-commands": ">=0.1.2-alpha.2 <0.1.3",
        "@deepseek-ai/dsh-llm": ">=0.1.2-alpha.2 <0.1.3",
        "@deepseek-ai/dsh-session": ">=0.1.2-alpha.2 <0.1.3",
        "@deepseek-ai/dsh-tools": ">=0.1.2-alpha.2 <0.1.3",
        "@deepseek-ai/dsh-typert-protocol": ">=0.1.2-alpha.2 <0.1.3",
        "@deepseek-ai/schemastery": "^3.18.1",
        "react": "^18.2.0"
      },
      "peerDependenciesMeta": {
        "@deepseek-ai/dsh-api-gateway": {
          "optional": true
        },
        "@deepseek-ai/dsh-client-modules": {
          "optional": true
        },
        "@deepseek-ai/dsh-client-ui-settings": {
          "optional": true
        },
        "@deepseek-ai/dsh-client-ui-tool": {
          "optional": true
        },
        "react": {
          "optional": true
        }
      }
    },
    "node_modules/@dsh-std/command": {
      "version": "0.1.1-rc.1",
      "resolved": "https://registry.npmjs.org/@dsh-std/command/-/command-0.1.1-rc.1.tgz",
      "integrity": "sha512-zdHVQOX7gJGKk/a74JVWQoizxFzBOYklySUIhF4MbCcr4CHSwFlgEDwviJ15N/dG3P8OGZwLmlhbxJcs+sJy3Q==",
      "license": "MIT",
      "dependencies": {
        "@dsh-std/connection": "^0.1.1-rc.1",
        "@dsh-std/core": "^0.1.1-rc.1",
        "@dsh-std/manifest": "^0.1.1-rc.1",
        "@dsh-std/presentation": "^0.1.1-rc.1"
      },
      "engines": {
        "node": "^22.19 || >=24"
      }
    },
    "node_modules/@dsh-std/composition": {
      "version": "0.1.1-rc.1",
      "resolved": "https://registry.npmjs.org/@dsh-std/composition/-/composition-0.1.1-rc.1.tgz",
      "integrity": "sha512-1pW2ZarnX4lS089y0rR6Myg77FX21j++GxodTSb4WE7uUwLr9IPM1EXsP7o112gH3LkImVxqQt1G8Q20bqtCUg==",
      "license": "MIT",
      "dependencies": {
        "@dsh-std/core": "^0.1.1-rc.1",
        "@dsh-std/manifest": "^0.1.1-rc.1"
      },
      "engines": {
        "node": "^22.19 || >=24"
      }
    },
    "node_modules/@dsh-std/connection": {
      "version": "0.1.1-rc.3",
      "resolved": "https://registry.npmjs.org/@dsh-std/connection/-/connection-0.1.1-rc.3.tgz",
      "integrity": "sha512-3igfBM7C+SC9squz9rKr+hoC+mwO04Gae4gsb8uAKAuh5FbHAzyjPHWy2/1LRQcjwE73yjgCmj7+7kvPBPrG5w==",
      "license": "MIT",
      "dependencies": {
        "@dsh-std/core": "^0.1.1-rc.2"
      },
      "engines": {
        "node": "^22.19 || >=24"
      }
    },
    "node_modules/@dsh-std/core": {
      "version": "0.1.1-rc.2",
      "resolved": "https://registry.npmjs.org/@dsh-std/core/-/core-0.1.1-rc.2.tgz",
      "integrity": "sha512-Z5DEu+wuNunaw/8Y8dGGIuGfrpOYd2gyBXGDzHrh5HYNZbJdBjLnuEGFJkMaBqan2rPxp7KL4OalXZzM6w5rYg==",
      "license": "MIT",
      "engines": {
        "node": "^22.19 || >=24"
      }
    },
    "node_modules/@dsh-std/lifecycle": {
      "version": "0.1.1-rc.2",
      "resolved": "https://registry.npmjs.org/@dsh-std/lifecycle/-/lifecycle-0.1.1-rc.2.tgz",
      "integrity": "sha512-6IYTwGTG4Ce0fO84dieyH4VK7LA+uGuN7MixtY61+V508FyZA/Bf3rgDmNn2GXp5B4u2vZ0Gm3WAAzQxsfs/iw==",
      "license": "MIT",
      "dependencies": {
        "@dsh-std/composition": "^0.1.1-rc.1",
        "@dsh-std/core": "^0.1.1-rc.1",
        "@dsh-std/manifest": "^0.1.1-rc.2"
      },
      "engines": {
        "node": "^22.19 || >=24"
      }
    },
    "node_modules/@dsh-std/manifest": {
      "version": "0.1.1-rc.2",
      "resolved": "https://registry.npmjs.org/@dsh-std/manifest/-/manifest-0.1.1-rc.2.tgz",
      "integrity": "sha512-PsAvpxkRx7yA+DiHkTTxFxVYpLGRfGRQCzy0VGf4da0lEHTtgvFk9l13MKsazPyzBClt6lywI+cAyTDaa8WQvw==",
      "license": "MIT",
      "dependencies": {
        "@dsh-std/core": "^0.1.1-rc.1"
      },
      "engines": {
        "node": "^22.19 || >=24"
      }
    },
    "node_modules/@dsh-std/messages": {
      "version": "0.1.1-rc.1",
      "resolved": "https://registry.npmjs.org/@dsh-std/messages/-/messages-0.1.1-rc.1.tgz",
      "integrity": "sha512-Wgq4VNYCHydbDgSZG8tQrNaJepF+fyWVJOfZiGP8q7LylkVhAAT5wq8tPaW41rkMl71xbXtgdmGtqOD+pvee3Q==",
      "license": "MIT",
      "dependencies": {
        "@dsh-std/core": "^0.1.1-rc.1"
      },
      "engines": {
        "node": "^22.19 || >=24"
      }
    },
    "node_modules/@dsh-std/model": {
      "version": "0.1.1-rc.1",
      "resolved": "https://registry.npmjs.org/@dsh-std/model/-/model-0.1.1-rc.1.tgz",
      "integrity": "sha512-89ahv4PDX72hr04cO9tXXHHY5LLvbwLZVi/zAVmuGKSncbTd283uijgRSVCz7zPlE9FgsU5JlWyKSyYMVaXnbA==",
      "license": "MIT",
      "dependencies": {
        "@dsh-std/command": "^0.1.1-rc.1",
        "@dsh-std/connection": "^0.1.1-rc.1",
        "@dsh-std/core": "^0.1.1-rc.1",
        "@dsh-std/manifest": "^0.1.1-rc.1"
      },
      "engines": {
        "node": "^22.19 || >=24"
      }
    },
    "node_modules/@dsh-std/presentation": {
      "version": "0.1.1-rc.1",
      "resolved": "https://registry.npmjs.org/@dsh-std/presentation/-/presentation-0.1.1-rc.1.tgz",
      "integrity": "sha512-Li1OvQYUxIZhv8++4MROgDtOQiwtigT53r/iUWa0w5M1yzSS7zl+MhLeLulePzV0Eie5MnVHgjwQXFgMKyT6Yg==",
      "license": "MIT",
      "dependencies": {
        "@dsh-std/connection": "^0.1.1-rc.1",
        "@dsh-std/core": "^0.1.1-rc.1"
      },
      "engines": {
        "node": "^22.19 || >=24"
      }
    },
    "node_modules/@dsh-std/sdk": {
      "version": "0.1.1-rc.2",
      "resolved": "https://registry.npmjs.org/@dsh-std/sdk/-/sdk-0.1.1-rc.2.tgz",
      "integrity": "sha512-2b9Bp9Q4cJlkr5kfXrwaLoDys/yMFHoOolnXgl+ouqdUxPMGi/dYhSZdXpg3oxHd3D3uc5bL9PMPtWW/6yugiQ==",
      "license": "MIT",
      "dependencies": {
        "@dsh-std/core": "^0.1.1-rc.1",
        "@dsh-std/lifecycle": "^0.1.1-rc.2"
      },
      "engines": {
        "node": "^22.19 || >=24"
      }
    },
    "node_modules/@dsh-std/session": {
      "version": "0.1.1-rc.2",
      "resolved": "https://registry.npmjs.org/@dsh-std/session/-/session-0.1.1-rc.2.tgz",
      "integrity": "sha512-cAtYtcJW7hC3uwxAxgoriXAJC0dpd5BMTG/s7enfkwwrPHZe1Agrh6JB+hN6OTJNLE1mO39w1IEG2aLnkyUA5g==",
      "license": "MIT",
      "dependencies": {
        "@dsh-std/connection": "^0.1.1-rc.2",
        "@dsh-std/core": "^0.1.1-rc.1",
        "@dsh-std/manifest": "^0.1.1-rc.2"
      },
      "engines": {
        "node": "^22.19 || >=24"
      }
    },
    "node_modules/@dsh-std/skill": {
      "version": "0.1.1-rc.1",
      "resolved": "https://registry.npmjs.org/@dsh-std/skill/-/skill-0.1.1-rc.1.tgz",
      "integrity": "sha512-GxYuDNP3f6hYdfpTp6fdM0SvOdIt7VGgkqcRT24xCH1lZalxN/Q1qO/l6t+yK0mRKDGpSN7BXyTRj9kFIt3pUw==",
      "license": "MIT",
      "dependencies": {
        "@dsh-std/core": "^0.1.1-rc.2",
        "@dsh-std/manifest": "^0.1.1-rc.3"
      },
      "engines": {
        "node": "^22.19 || >=24"
      }
    },
    "node_modules/@dsh-std/skill/node_modules/@dsh-std/manifest": {
      "version": "0.1.1-rc.3",
      "resolved": "https://registry.npmjs.org/@dsh-std/manifest/-/manifest-0.1.1-rc.3.tgz",
      "integrity": "sha512-Z+iqCcxcHSW3+qkdx6yoo8Stl+cE0PKaI3lu66WlKz6hpEUxmGpQ6cMRi1IWyq4TQBlkkOs6yBC++3+G60ok5w==",
      "license": "MIT",
      "dependencies": {
        "@dsh-std/core": "^0.1.1-rc.2"
      },
      "engines": {
        "node": "^22.19 || >=24"
      }
    },
    "node_modules/@dsh-std/storage": {
      "version": "0.1.1-rc.1",
      "resolved": "https://registry.npmjs.org/@dsh-std/storage/-/storage-0.1.1-rc.1.tgz",
      "integrity": "sha512-LQjKbgGHdDQTS0VB7xfS6r1wXrEJStahoOSBAoPft5yRmicL8zLPX0XhzybG//Hj+eDieVfOzSnhxPTYxbfNKg==",
      "license": "MIT",
      "dependencies": {
        "@dsh-std/core": "^0.1.1-rc.1"
      },
      "engines": {
        "node": "^22.19 || >=24"
      }
    },
    "node_modules/@dsh-std/tool": {
      "version": "0.1.1-rc.1",
      "resolved": "https://registry.npmjs.org/@dsh-std/tool/-/tool-0.1.1-rc.1.tgz",
      "integrity": "sha512-zhNyHj+uCziEvz+zmAlY2J+Q30tldqFF8+IsFU0I0VtcCXZ3vBSa8N29zytTftyHW0cgvcanlYy5ZpRC/VKrFw==",
      "license": "MIT",
      "dependencies": {
        "@dsh-std/composition": "^0.1.1-rc.1",
        "@dsh-std/manifest": "^0.1.1-rc.1"
      },
      "engines": {
        "node": "^22.19 || >=24"
      }
    },
    "node_modules/@dsh-std/ui": {
      "version": "0.1.1-rc.1",
      "resolved": "https://registry.npmjs.org/@dsh-std/ui/-/ui-0.1.1-rc.1.tgz",
      "integrity": "sha512-vr4F5WTlTI/0Fl61L99OT3UVKpHRb+9EdwaCYuhJFnrjZlLPHkT74yG6Dur8XSnf+WmAK06ch4AIH4qvyJ9C5A==",
      "license": "MIT",
      "dependencies": {
        "@dsh-std/core": "^0.1.1-rc.1",
        "@dsh-std/manifest": "^0.1.1-rc.1"
      },
      "engines": {
        "node": "^22.19 || >=24"
      }
    },
    "node_modules/@dsh-std/ui-browser": {
      "version": "0.1.1-rc.1",
      "resolved": "https://registry.npmjs.org/@dsh-std/ui-browser/-/ui-browser-0.1.1-rc.1.tgz",
      "integrity": "sha512-pxTzPy8KAL2Aal9j2dtJdWwu/CIdrHH10Qkp8ONaf6vV0CSGVmjC66wwBH0hTflSSdJlWJkRbLCoVMio0tOa1w==",
      "license": "MIT",
      "dependencies": {
        "@dsh-std/core": "^0.1.1-rc.1",
        "@dsh-std/manifest": "^0.1.1-rc.1",
        "@dsh-std/sdk": "^0.1.1-rc.1",
        "@dsh-std/ui": "^0.1.1-rc.1"
      },
      "engines": {
        "node": "^22.19 || >=24"
      }
    },
    "node_modules/@dsh-std/workspace": {
      "version": "0.1.1-rc.1",
      "resolved": "https://registry.npmjs.org/@dsh-std/workspace/-/workspace-0.1.1-rc.1.tgz",
      "integrity": "sha512-/zmfKCyDi4qkBDvwwF7hUs6wkjkscuXt2DgPRzsMv54eeYvj5KK/D1aUNODxUVf/s5EU1zDasqK06gjqb784iQ==",
      "license": "MIT",
      "dependencies": {
        "@dsh-std/connection": "^0.1.1-rc.1",
        "@dsh-std/core": "^0.1.1-rc.1",
        "@dsh-std/manifest": "^0.1.1-rc.1",
        "@dsh-std/session": "^0.1.1-rc.1"
      },
      "engines": {
        "node": "^22.19 || >=24"
      }
    },
    "node_modules/@standard-schema/spec": {
      "version": "1.1.0",
      "resolved": "https://registry.npmjs.org/@standard-schema/spec/-/spec-1.1.0.tgz",
      "integrity": "sha512-l2aFy5jALhniG5HgqrD6jXLi/rUWrKvqN/qJx6yoJsgKhblVd+iqqU4RCXavm/jPityDo5TCvKMnpjKnOriy0w==",
      "license": "MIT",
      "peer": true
    },
    "node_modules/argparse": {
      "version": "2.0.1",
      "resolved": "https://registry.npmjs.org/argparse/-/argparse-2.0.1.tgz",
      "integrity": "sha512-8+9WqebbFzpX9OR+Wa6O29asIogeRMzcGtAINdpMHHyAg10f05aSFVBbcEqGf/PXw1EjAZ+q2/bEBg3DvurK3Q==",
      "license": "Python-2.0",
      "peer": true
    },
    "node_modules/js-yaml": {
      "version": "4.3.2",
      "resolved": "https://registry.npmjs.org/js-yaml/-/js-yaml-4.3.2.tgz",
      "integrity": "sha512-SFNOvSJ+Dgf/9An904Yx+CgSlIPCkIpao4qo51lpee25TIRejdH3rhR4EZMGoNx3/TP3O+wzWuiTFl4sqbltzA==",
      "funding": [
        {
          "type": "github",
          "url": "https://github.com/sponsors/puzrin"
        },
        {
          "type": "github",
          "url": "https://github.com/sponsors/nodeca"
        }
      ],
      "license": "MIT",
      "peer": true,
      "dependencies": {
        "argparse": "^2.0.1"
      },
      "bin": {
        "js-yaml": "bin/js-yaml.js"
      }
    },
    "node_modules/ws": {
      "version": "8.22.0",
      "resolved": "https://registry.npmjs.org/ws/-/ws-8.22.0.tgz",
      "integrity": "sha512-Ydggc987+RO0AnWtZ/7Wq9FtNvcrL1b/RO0ud9mWjUPgDrsAAwQSF51sm2hm1XofbU/4jkpGEsLFsZZxU+1DOg==",
      "license": "MIT",
      "peer": true,
      "engines": {
        "node": ">=10.0.0"
      },
      "peerDependencies": {
        "bufferutil": "^4.0.1",
        "utf-8-validate": ">=5.0.2"
      },
      "peerDependenciesMeta": {
        "bufferutil": {
          "optional": true
        },
        "utf-8-validate": {
          "optional": true
        }
      }
    },
    "node_modules/zod": {
      "version": "4.6.5",
      "resolved": "https://registry.npmjs.org/zod/-/zod-4.6.5.tgz",
      "integrity": "sha512-v5l/aFXZQeai4awLbOpSoHecE9UiMrnfx75tEXLjNonXVARxQ5mOeipTjROUchszUNCqnE+hqAMujRsRHsut2Q==",
      "license": "MIT",
      "funding": {
        "url": "https://github.com/sponsors/colinhacks"
      }
    }
  }
}
